
Microsoft Visual Studio Solution File, Format Version 12.00
# Visual Studio Version 17
VisualStudioVersion = 17.0.31717.71
MinimumVisualStudioVersion = 10.0.40219.1
Project("{FAE04EC0-301F-11D3-BF4B-00C04F79EFBC}") = "SMPRMDataManager", "SMPRMDataManager\SMPRMDataManager.csproj", "{C5690633-A357-4D8D-AD8F-FDC46AB7E6D5}"
EndProject
Global
	GlobalSection(SolutionConfigurationPlatforms) = preSolution
		Debug|Any CPU = Debug|Any CPU
		Release|Any CPU = Release|Any CPU
	EndGlobalSection
	GlobalSection(ProjectConfigurationPlatforms) = postSolution
		{C5690633-A357-4D8D-AD8F-FDC46AB7E6D5}.Debug|Any CPU.ActiveCfg = Debug|Any CPU
		{C5690633-A357-4D8D-AD8F-FDC46AB7E6D5}.Debug|Any CPU.Build.0 = Debug|Any CPU
		{C5690633-A357-4D8D-AD8F-FDC46AB7E6D5}.Release|Any CPU.ActiveCfg = Release|Any CPU
		{C5690633-A357-4D8D-AD8F-FDC46AB7E6D5}.Release|Any CPU.Build.0 = Release|Any CPU
	EndGlobalSection
	GlobalSection(SolutionProperties) = preSolution
		HideSolutionNode = FALSE
	EndGlobalSection
	GlobalSection(ExtensibilityGlobals) = postSolution
		SolutionGuid = {3CA8FBD0-A270-4AD0-AB73-0D2D200BA3B1}
	EndGlobalSection
EndGlobal
